{
  "name": "webpack-env",
  "version": "1.0.0",
  "lockfileVersion": 1,
  "requires": true,
  "dependencies": {
    "@vue/reactivity": {
      "version": "3.0.11",
      "resolved": "https://registry.nlark.com/@vue/reactivity/download/@vue/reactivity-3.0.11.tgz?cache=0&sync_timestamp=1621899047481&other_urls=https%3A%2F%2Fregistry.nlark.com%2F%40vue%2Freactivity%2Fdownload%2F%40vue%2Freactivity-3.0.11.tgz",
      "integrity": "sha1-B7WINJ/QViaxfzUAy+99S9tNvQs=",
      "requires": {
        "@vue/shared": "3.0.11"
      }
    },
    "@vue/shared": {
      "version": "3.0.11",
      "resolved": "https://registry.nlark.com/@vue/shared/download/@vue/shared-3.0.11.tgz",
      "integrity": "sha1-INIt0Np9NYuyHBf5vehigVJkLHc="
    }
  }
}
